version = 1
requires-python = ">=3.12"

[[package]]
name = "now-engine"
version = "0.1.0"
source = { virtual = "." }
dependencies = [
    { name = "pymupdf" },
]

[package.metadata]
requires-dist = [{ name = "pymupdf", specifier = ">=1.25.3" }]

[[package]]
name = "pymupdf"
version = "1.25.3"
source = { registry = "https://pypi.org/simple" }
sdist = { url = "https://files.pythonhosted.org/packages/06/47/b61c1c44b87cbdaeecdec3f43ce524ed6b3c72172bc6184eb82c94fbc43d/pymupdf-1.25.3.tar.gz", hash = "sha256:b640187c64c5ac5d97505a92e836da299da79c2f689f3f94a67a37a493492193", size = 67259841 }
wheels = [
    { url = "https://files.pythonhosted.org/packages/61/9b/98ef4b98309e9db3baa9fe572f0e61b6130bb9852d13189970f35b703499/pymupdf-1.25.3-cp39-abi3-macosx_10_9_x86_64.whl", hash = "sha256:96878e1b748f9c2011aecb2028c5f96b5a347a9a91169130ad0133053d97915e", size = 19343576 },
    { url = "https://files.pythonhosted.org/packages/14/62/4e12126db174c8cfbf692281cda971cc4046c5f5226032c2cfaa6f83e08d/pymupdf-1.25.3-cp39-abi3-macosx_11_0_arm64.whl", hash = "sha256:6ef753005b72ebfd23470f72f7e30f61e21b0b5e748045ec5b8f89e6e3068d62", size = 18580114 },
    { url = "https://files.pythonhosted.org/packages/52/de/bd1418e31f73d37b8381cd5deacfd681e6be702b8890e123e83724569ee1/pymupdf-1.25.3-cp39-abi3-manylinux2014_x86_64.manylinux_2_17_x86_64.whl", hash = "sha256:46d90c4f9e62d1856e8db4b9f04a202ff4a7f086a816af73abdc86adb7f5e25a", size = 19999825 },
    { url = "https://files.pythonhosted.org/packages/42/ee/3c449b0de061440ba1ac984aa845315e9e2dca0ff2003c5adfc6febff203/pymupdf-1.25.3-cp39-abi3-musllinux_1_2_x86_64.whl", hash = "sha256:a5de51efdbe4d486b6c1111c84e8a231cbfb426f3d6ff31ab530ad70e6f39756", size = 21123157 },
    { url = "https://files.pythonhosted.org/packages/83/53/71faaaf91c56f2883b13f3dd849bf2697f012eb35eb7b952d62734cff41f/pymupdf-1.25.3-cp39-abi3-win32.whl", hash = "sha256:bca72e6089f985d800596e22973f79cc08af6cbff1d93e5bda9248326a03857c", size = 15094211 },
    { url = "https://files.pythonhosted.org/packages/09/e0/d72e88a1d5e23aa381fd463057dc3d0fb29090e1e7308a870c334716579c/pymupdf-1.25.3-cp39-abi3-win_amd64.whl", hash = "sha256:4fb357438c9129fbf939b5af85323434df64e36759c399c376b62ad6da95498c", size = 16542949 },
]
